
Microsoft Visual Studio Solution File, Format Version 12.00
# Visual Studio 2013
VisualStudioVersion = 12.0.21005.1
MinimumVisualStudioVersion = 10.0.40219.1
Project("{FAE04EC0-301F-11D3-BF4B-00C04F79EFBC}") = "otrsrest", "otrsrest.csproj", "{29E77EE1-9588-4F32-8F97-22EEEC879DD5}"
EndProject
Project("{6141683F-8A12-4E36-9623-2EB02B2C2303}") = "otrsrestinstaller32", "..\otrsrestinstaller32\otrsrestinstaller32.isproj", "{195DD583-B4D2-471D-A35C-B38F3DE6972C}"
	ProjectSection(ProjectDependencies) = postProject
		{29E77EE1-9588-4F32-8F97-22EEEC879DD5} = {29E77EE1-9588-4F32-8F97-22EEEC879DD5}
	EndProjectSection
EndProject
Project("{6141683F-8A12-4E36-9623-2EB02B2C2303}") = "otrsrestinstaller64", "otrsrestinstaller64\otrsrestinstaller64.isproj", "{D1E28BE5-6E61-44CD-8EEA-896BB4F47DAD}"
	ProjectSection(ProjectDependencies) = postProject
		{29E77EE1-9588-4F32-8F97-22EEEC879DD5} = {29E77EE1-9588-4F32-8F97-22EEEC879DD5}
	EndProjectSection
EndProject
Global
	GlobalSection(SolutionConfigurationPlatforms) = preSolution
		CD_ROM|Any CPU = CD_ROM|Any CPU
		CD_ROM|x64 = CD_ROM|x64
		CD_ROM|x86 = CD_ROM|x86
		Debug|Any CPU = Debug|Any CPU
		Debug|x64 = Debug|x64
		Debug|x86 = Debug|x86
		DVD-5|Any CPU = DVD-5|Any CPU
		DVD-5|x64 = DVD-5|x64
		DVD-5|x86 = DVD-5|x86
		Release|Any CPU = Release|Any CPU
		Release|x64 = Release|x64
		Release|x86 = Release|x86
		SingleImage|Any CPU = SingleImage|Any CPU
		SingleImage|x64 = SingleImage|x64
		SingleImage|x86 = SingleImage|x86
	EndGlobalSection
	GlobalSection(ProjectConfigurationPlatforms) = postSolution
		{29E77EE1-9588-4F32-8F97-22EEEC879DD5}.CD_ROM|Any CPU.ActiveCfg = 32-bit|Any CPU
		{29E77EE1-9588-4F32-8F97-22EEEC879DD5}.CD_ROM|Any CPU.Build.0 = 32-bit|Any CPU
		{29E77EE1-9588-4F32-8F97-22EEEC879DD5}.CD_ROM|x64.ActiveCfg = 32-bit|Any CPU
		{29E77EE1-9588-4F32-8F97-22EEEC879DD5}.CD_ROM|x64.Build.0 = 32-bit|Any CPU
		{29E77EE1-9588-4F32-8F97-22EEEC879DD5}.CD_ROM|x86.ActiveCfg = 32-bit|Any CPU
		{29E77EE1-9588-4F32-8F97-22EEEC879DD5}.CD_ROM|x86.Build.0 = 32-bit|Any CPU
		{29E77EE1-9588-4F32-8F97-22EEEC879DD5}.Debug|Any CPU.ActiveCfg = Debug|Any CPU
		{29E77EE1-9588-4F32-8F97-22EEEC879DD5}.Debug|Any CPU.Build.0 = Debug|Any CPU
		{29E77EE1-9588-4F32-8F97-22EEEC879DD5}.Debug|x64.ActiveCfg = Debug|Any CPU
		{29E77EE1-9588-4F32-8F97-22EEEC879DD5}.Debug|x64.Build.0 = Debug|Any CPU
		{29E77EE1-9588-4F32-8F97-22EEEC879DD5}.Debug|x86.ActiveCfg = Debug|Any CPU
		{29E77EE1-9588-4F32-8F97-22EEEC879DD5}.Debug|x86.Build.0 = Debug|Any CPU
		{29E77EE1-9588-4F32-8F97-22EEEC879DD5}.DVD-5|Any CPU.ActiveCfg = Debug|Any CPU
		{29E77EE1-9588-4F32-8F97-22EEEC879DD5}.DVD-5|Any CPU.Build.0 = Debug|Any CPU
		{29E77EE1-9588-4F32-8F97-22EEEC879DD5}.DVD-5|x64.ActiveCfg = Debug|Any CPU
		{29E77EE1-9588-4F32-8F97-22EEEC879DD5}.DVD-5|x64.Build.0 = Debug|Any CPU
		{29E77EE1-9588-4F32-8F97-22EEEC879DD5}.DVD-5|x86.ActiveCfg = Debug|Any CPU
		{29E77EE1-9588-4F32-8F97-22EEEC879DD5}.DVD-5|x86.Build.0 = Debug|Any CPU
		{29E77EE1-9588-4F32-8F97-22EEEC879DD5}.Release|Any CPU.ActiveCfg = Release|Any CPU
		{29E77EE1-9588-4F32-8F97-22EEEC879DD5}.Release|Any CPU.Build.0 = Release|Any CPU
		{29E77EE1-9588-4F32-8F97-22EEEC879DD5}.Release|Any CPU.Deploy.0 = Release|Any CPU
		{29E77EE1-9588-4F32-8F97-22EEEC879DD5}.Release|x64.ActiveCfg = Release|x64
		{29E77EE1-9588-4F32-8F97-22EEEC879DD5}.Release|x64.Build.0 = Release|x64
		{29E77EE1-9588-4F32-8F97-22EEEC879DD5}.Release|x64.Deploy.0 = Release|x64
		{29E77EE1-9588-4F32-8F97-22EEEC879DD5}.Release|x86.ActiveCfg = Release|x86
		{29E77EE1-9588-4F32-8F97-22EEEC879DD5}.Release|x86.Build.0 = Release|x86
		{29E77EE1-9588-4F32-8F97-22EEEC879DD5}.Release|x86.Deploy.0 = Release|x86
		{29E77EE1-9588-4F32-8F97-22EEEC879DD5}.SingleImage|Any CPU.ActiveCfg = 32-bit|Any CPU
		{29E77EE1-9588-4F32-8F97-22EEEC879DD5}.SingleImage|Any CPU.Build.0 = 32-bit|Any CPU
		{29E77EE1-9588-4F32-8F97-22EEEC879DD5}.SingleImage|x64.ActiveCfg = 32-bit|Any CPU
		{29E77EE1-9588-4F32-8F97-22EEEC879DD5}.SingleImage|x64.Build.0 = 32-bit|Any CPU
		{29E77EE1-9588-4F32-8F97-22EEEC879DD5}.SingleImage|x86.ActiveCfg = 32-bit|Any CPU
		{29E77EE1-9588-4F32-8F97-22EEEC879DD5}.SingleImage|x86.Build.0 = 32-bit|Any CPU
		{195DD583-B4D2-471D-A35C-B38F3DE6972C}.CD_ROM|Any CPU.ActiveCfg = CD_ROM
		{195DD583-B4D2-471D-A35C-B38F3DE6972C}.CD_ROM|Any CPU.Build.0 = CD_ROM
		{195DD583-B4D2-471D-A35C-B38F3DE6972C}.CD_ROM|x64.ActiveCfg = CD_ROM
		{195DD583-B4D2-471D-A35C-B38F3DE6972C}.CD_ROM|x64.Build.0 = CD_ROM
		{195DD583-B4D2-471D-A35C-B38F3DE6972C}.CD_ROM|x86.ActiveCfg = CD_ROM
		{195DD583-B4D2-471D-A35C-B38F3DE6972C}.CD_ROM|x86.Build.0 = CD_ROM
		{195DD583-B4D2-471D-A35C-B38F3DE6972C}.Debug|Any CPU.ActiveCfg = DVD-5
		{195DD583-B4D2-471D-A35C-B38F3DE6972C}.Debug|Any CPU.Build.0 = DVD-5
		{195DD583-B4D2-471D-A35C-B38F3DE6972C}.Debug|x64.ActiveCfg = DVD-5
		{195DD583-B4D2-471D-A35C-B38F3DE6972C}.Debug|x64.Build.0 = DVD-5
		{195DD583-B4D2-471D-A35C-B38F3DE6972C}.Debug|x86.ActiveCfg = DVD-5
		{195DD583-B4D2-471D-A35C-B38F3DE6972C}.Debug|x86.Build.0 = DVD-5
		{195DD583-B4D2-471D-A35C-B38F3DE6972C}.DVD-5|Any CPU.ActiveCfg = DVD-5
		{195DD583-B4D2-471D-A35C-B38F3DE6972C}.DVD-5|Any CPU.Build.0 = DVD-5
		{195DD583-B4D2-471D-A35C-B38F3DE6972C}.DVD-5|x64.ActiveCfg = DVD-5
		{195DD583-B4D2-471D-A35C-B38F3DE6972C}.DVD-5|x64.Build.0 = DVD-5
		{195DD583-B4D2-471D-A35C-B38F3DE6972C}.DVD-5|x86.ActiveCfg = DVD-5
		{195DD583-B4D2-471D-A35C-B38F3DE6972C}.DVD-5|x86.Build.0 = DVD-5
		{195DD583-B4D2-471D-A35C-B38F3DE6972C}.Release|Any CPU.ActiveCfg = SingleImage
		{195DD583-B4D2-471D-A35C-B38F3DE6972C}.Release|x64.ActiveCfg = SingleImage
		{195DD583-B4D2-471D-A35C-B38F3DE6972C}.Release|x86.ActiveCfg = SingleImage
		{195DD583-B4D2-471D-A35C-B38F3DE6972C}.Release|x86.Build.0 = SingleImage
		{195DD583-B4D2-471D-A35C-B38F3DE6972C}.SingleImage|Any CPU.ActiveCfg = SingleImage
		{195DD583-B4D2-471D-A35C-B38F3DE6972C}.SingleImage|Any CPU.Build.0 = SingleImage
		{195DD583-B4D2-471D-A35C-B38F3DE6972C}.SingleImage|x64.ActiveCfg = SingleImage
		{195DD583-B4D2-471D-A35C-B38F3DE6972C}.SingleImage|x64.Build.0 = SingleImage
		{195DD583-B4D2-471D-A35C-B38F3DE6972C}.SingleImage|x86.ActiveCfg = SingleImage
		{195DD583-B4D2-471D-A35C-B38F3DE6972C}.SingleImage|x86.Build.0 = SingleImage
		{D1E28BE5-6E61-44CD-8EEA-896BB4F47DAD}.CD_ROM|Any CPU.ActiveCfg = CD_ROM
		{D1E28BE5-6E61-44CD-8EEA-896BB4F47DAD}.CD_ROM|Any CPU.Build.0 = CD_ROM
		{D1E28BE5-6E61-44CD-8EEA-896BB4F47DAD}.CD_ROM|x64.ActiveCfg = CD_ROM
		{D1E28BE5-6E61-44CD-8EEA-896BB4F47DAD}.CD_ROM|x64.Build.0 = CD_ROM
		{D1E28BE5-6E61-44CD-8EEA-896BB4F47DAD}.CD_ROM|x86.ActiveCfg = CD_ROM
		{D1E28BE5-6E61-44CD-8EEA-896BB4F47DAD}.CD_ROM|x86.Build.0 = CD_ROM
		{D1E28BE5-6E61-44CD-8EEA-896BB4F47DAD}.Debug|Any CPU.ActiveCfg = DVD-5
		{D1E28BE5-6E61-44CD-8EEA-896BB4F47DAD}.Debug|Any CPU.Build.0 = DVD-5
		{D1E28BE5-6E61-44CD-8EEA-896BB4F47DAD}.Debug|x64.ActiveCfg = DVD-5
		{D1E28BE5-6E61-44CD-8EEA-896BB4F47DAD}.Debug|x64.Build.0 = DVD-5
		{D1E28BE5-6E61-44CD-8EEA-896BB4F47DAD}.Debug|x86.ActiveCfg = DVD-5
		{D1E28BE5-6E61-44CD-8EEA-896BB4F47DAD}.Debug|x86.Build.0 = DVD-5
		{D1E28BE5-6E61-44CD-8EEA-896BB4F47DAD}.DVD-5|Any CPU.ActiveCfg = DVD-5
		{D1E28BE5-6E61-44CD-8EEA-896BB4F47DAD}.DVD-5|Any CPU.Build.0 = DVD-5
		{D1E28BE5-6E61-44CD-8EEA-896BB4F47DAD}.DVD-5|x64.ActiveCfg = DVD-5
		{D1E28BE5-6E61-44CD-8EEA-896BB4F47DAD}.DVD-5|x64.Build.0 = DVD-5
		{D1E28BE5-6E61-44CD-8EEA-896BB4F47DAD}.DVD-5|x86.ActiveCfg = DVD-5
		{D1E28BE5-6E61-44CD-8EEA-896BB4F47DAD}.DVD-5|x86.Build.0 = DVD-5
		{D1E28BE5-6E61-44CD-8EEA-896BB4F47DAD}.Release|Any CPU.ActiveCfg = SingleImage
		{D1E28BE5-6E61-44CD-8EEA-896BB4F47DAD}.Release|x64.ActiveCfg = SingleImage
		{D1E28BE5-6E61-44CD-8EEA-896BB4F47DAD}.Release|x64.Build.0 = SingleImage
		{D1E28BE5-6E61-44CD-8EEA-896BB4F47DAD}.Release|x86.ActiveCfg = SingleImage
		{D1E28BE5-6E61-44CD-8EEA-896BB4F47DAD}.SingleImage|Any CPU.ActiveCfg = SingleImage
		{D1E28BE5-6E61-44CD-8EEA-896BB4F47DAD}.SingleImage|Any CPU.Build.0 = SingleImage
		{D1E28BE5-6E61-44CD-8EEA-896BB4F47DAD}.SingleImage|x64.ActiveCfg = SingleImage
		{D1E28BE5-6E61-44CD-8EEA-896BB4F47DAD}.SingleImage|x64.Build.0 = SingleImage
		{D1E28BE5-6E61-44CD-8EEA-896BB4F47DAD}.SingleImage|x86.ActiveCfg = SingleImage
		{D1E28BE5-6E61-44CD-8EEA-896BB4F47DAD}.SingleImage|x86.Build.0 = SingleImage
	EndGlobalSection
	GlobalSection(SolutionProperties) = preSolution
		HideSolutionNode = FALSE
	EndGlobalSection
EndGlobal
